
Microsoft Visual Studio Solution File, Format Version 12.00
Project("{FAE04EC0-301F-11D3-BF4B-00C04F79EFBC}") = "CookingMedia.Gateway", "CookingMedia.Gateway\CookingMedia.Gateway.csproj", "{FD7BE632-C44C-4885-A14E-BBCB9DA55239}"
EndProject
Global
	GlobalSection(SolutionConfigurationPlatforms) = preSolution
		Debug|Any CPU = Debug|Any CPU
		Release|Any CPU = Release|Any CPU
	EndGlobalSection
	GlobalSection(ProjectConfigurationPlatforms) = postSolution
		{FD7BE632-C44C-4885-A14E-BBCB9DA55239}.Debug|Any CPU.ActiveCfg = Debug|Any CPU
		{FD7BE632-C44C-4885-A14E-BBCB9DA55239}.Debug|Any CPU.Build.0 = Debug|Any CPU
		{FD7BE632-C44C-4885-A14E-BBCB9DA55239}.Release|Any CPU.ActiveCfg = Release|Any CPU
		{FD7BE632-C44C-4885-A14E-BBCB9DA55239}.Release|Any CPU.Build.0 = Release|Any CPU
	EndGlobalSection
EndGlobal
